
Microsoft Visual Studio Solution File, Format Version 12.00
# Visual Studio 2013
VisualStudioVersion = 12.0.31101.0
MinimumVisualStudioVersion = 10.0.40219.1
Project("{FAE04EC0-301F-11D3-BF4B-00C04F79EFBC}") = "MoneyManager.Core", "MoneyManager.Core\MoneyManager.Core.csproj", "{1B7EB93E-858F-4A29-AEB5-1F4EEF938C14}"
EndProject
Project("{FAE04EC0-301F-11D3-BF4B-00C04F79EFBC}") = "MoneyManager.Infrastructure", "MoneyManager.Infrastructure\MoneyManager.Infrastructure.csproj", "{1ABC0C90-FACE-4177-B6EB-5AFE4EC483A9}"
EndProject
Project("{FAE04EC0-301F-11D3-BF4B-00C04F79EFBC}") = "MoneyManager.UnitTests", "MoneyManager.UnitTests\MoneyManager.UnitTests.csproj", "{7A8AA659-B3AF-4FC1-8653-09DEBB88A396}"
EndProject
Project("{2150E333-8FDC-42A3-9474-1A3956D46DE8}") = "Tests", "Tests", "{D43415AD-96F0-4BD8-ABE5-D7FBF77E8534}"
EndProject
Project("{FAE04EC0-301F-11D3-BF4B-00C04F79EFBC}") = "MoneyManager.IntegrationTests", "MoneyManager.IntegrationTests\MoneyManager.IntegrationTests.csproj", "{5432CE04-4A7D-407C-8A5A-7ACBC54C2501}"
EndProject
Global
	GlobalSection(SolutionConfigurationPlatforms) = preSolution
		Debug|Any CPU = Debug|Any CPU
		Release|Any CPU = Release|Any CPU
	EndGlobalSection
	GlobalSection(ProjectConfigurationPlatforms) = postSolution
		{1B7EB93E-858F-4A29-AEB5-1F4EEF938C14}.Debug|Any CPU.ActiveCfg = Debug|Any CPU
		{1B7EB93E-858F-4A29-AEB5-1F4EEF938C14}.Debug|Any CPU.Build.0 = Debug|Any CPU
		{1B7EB93E-858F-4A29-AEB5-1F4EEF938C14}.Release|Any CPU.ActiveCfg = Release|Any CPU
		{1B7EB93E-858F-4A29-AEB5-1F4EEF938C14}.Release|Any CPU.Build.0 = Release|Any CPU
		{1ABC0C90-FACE-4177-B6EB-5AFE4EC483A9}.Debug|Any CPU.ActiveCfg = Debug|Any CPU
		{1ABC0C90-FACE-4177-B6EB-5AFE4EC483A9}.Debug|Any CPU.Build.0 = Debug|Any CPU
		{1ABC0C90-FACE-4177-B6EB-5AFE4EC483A9}.Release|Any CPU.ActiveCfg = Release|Any CPU
		{1ABC0C90-FACE-4177-B6EB-5AFE4EC483A9}.Release|Any CPU.Build.0 = Release|Any CPU
		{7A8AA659-B3AF-4FC1-8653-09DEBB88A396}.Debug|Any CPU.ActiveCfg = Debug|Any CPU
		{7A8AA659-B3AF-4FC1-8653-09DEBB88A396}.Debug|Any CPU.Build.0 = Debug|Any CPU
		{7A8AA659-B3AF-4FC1-8653-09DEBB88A396}.Release|Any CPU.ActiveCfg = Release|Any CPU
		{7A8AA659-B3AF-4FC1-8653-09DEBB88A396}.Release|Any CPU.Build.0 = Release|Any CPU
		{5432CE04-4A7D-407C-8A5A-7ACBC54C2501}.Debug|Any CPU.ActiveCfg = Debug|Any CPU
		{5432CE04-4A7D-407C-8A5A-7ACBC54C2501}.Debug|Any CPU.Build.0 = Debug|Any CPU
		{5432CE04-4A7D-407C-8A5A-7ACBC54C2501}.Release|Any CPU.ActiveCfg = Release|Any CPU
		{5432CE04-4A7D-407C-8A5A-7ACBC54C2501}.Release|Any CPU.Build.0 = Release|Any CPU
	EndGlobalSection
	GlobalSection(SolutionProperties) = preSolution
		HideSolutionNode = FALSE
	EndGlobalSection
	GlobalSection(NestedProjects) = preSolution
		{7A8AA659-B3AF-4FC1-8653-09DEBB88A396} = {D43415AD-96F0-4BD8-ABE5-D7FBF77E8534}
		{5432CE04-4A7D-407C-8A5A-7ACBC54C2501} = {D43415AD-96F0-4BD8-ABE5-D7FBF77E8534}
	EndGlobalSection
EndGlobal
